
Microsoft Visual Studio Solution File, Format Version 12.00
# Visual Studio Version 17
VisualStudioVersion = 17.14.36414.22 d17.14
MinimumVisualStudioVersion = 10.0.40219.1
Project("{8BC9CEB8-8B4A-11D0-8D11-00A0C91BC942}") = "myFirstStack_with_TEMPLATE_Array", "myFirstStack_with_TEMPLATE_Array\myFirstStack_with_TEMPLATE_Array.vcxproj", "{29D68899-1E16-4577-8806-81B020FEE139}"
EndProject
Global
	GlobalSection(SolutionConfigurationPlatforms) = preSolution
		Debug|x64 = Debug|x64
		Debug|x86 = Debug|x86
		Release|x64 = Release|x64
		Release|x86 = Release|x86
	EndGlobalSection
	GlobalSection(ProjectConfigurationPlatforms) = postSolution
		{29D68899-1E16-4577-8806-81B020FEE139}.Debug|x64.ActiveCfg = Debug|x64
		{29D68899-1E16-4577-8806-81B020FEE139}.Debug|x64.Build.0 = Debug|x64
		{29D68899-1E16-4577-8806-81B020FEE139}.Debug|x86.ActiveCfg = Debug|Win32
		{29D68899-1E16-4577-8806-81B020FEE139}.Debug|x86.Build.0 = Debug|Win32
		{29D68899-1E16-4577-8806-81B020FEE139}.Release|x64.ActiveCfg = Release|x64
		{29D68899-1E16-4577-8806-81B020FEE139}.Release|x64.Build.0 = Release|x64
		{29D68899-1E16-4577-8806-81B020FEE139}.Release|x86.ActiveCfg = Release|Win32
		{29D68899-1E16-4577-8806-81B020FEE139}.Release|x86.Build.0 = Release|Win32
	EndGlobalSection
	GlobalSection(SolutionProperties) = preSolution
		HideSolutionNode = FALSE
	EndGlobalSection
	GlobalSection(ExtensibilityGlobals) = postSolution
		SolutionGuid = {063C669D-72C6-4853-BC65-A9AAD0B89A98}
	EndGlobalSection
EndGlobal
